
Microsoft Visual Studio Solution File, Format Version 12.00
# Visual Studio Version 17
VisualStudioVersion = 17.0.31903.59
MinimumVisualStudioVersion = 10.0.40219.1
Project("{FAE04EC0-301F-11D3-BF4B-00C04F79EFBC}") = "Demo01", "Demo01\Demo01.csproj", "{9850C06B-A8B9-42A1-A94B-4B725C15C4EF}"
EndProject
Project("{FAE04EC0-301F-11D3-BF4B-00C04F79EFBC}") = "Demo01.Test", "Demo01.Test\Demo01.Test.csproj", "{1A8B3BEA-2573-4A93-AC0D-28119F2200C8}"
EndProject
Project("{FAE04EC0-301F-11D3-BF4B-00C04F79EFBC}") = "Demo", "Demo\Demo.csproj", "{4776E385-D0B9-4F83-842C-49F11F6E9745}"
EndProject
Project("{FAE04EC0-301F-11D3-BF4B-00C04F79EFBC}") = "Demo.Test", "Demo.Test\Demo.Test.csproj", "{B32D5C73-3C90-4896-9230-9C88BF32FA6B}"
EndProject
Global
	GlobalSection(SolutionConfigurationPlatforms) = preSolution
		Debug|Any CPU = Debug|Any CPU
		Release|Any CPU = Release|Any CPU
	EndGlobalSection
	GlobalSection(SolutionProperties) = preSolution
		HideSolutionNode = FALSE
	EndGlobalSection
	GlobalSection(ProjectConfigurationPlatforms) = postSolution
		{9850C06B-A8B9-42A1-A94B-4B725C15C4EF}.Debug|Any CPU.ActiveCfg = Debug|Any CPU
		{9850C06B-A8B9-42A1-A94B-4B725C15C4EF}.Debug|Any CPU.Build.0 = Debug|Any CPU
		{9850C06B-A8B9-42A1-A94B-4B725C15C4EF}.Release|Any CPU.ActiveCfg = Release|Any CPU
		{9850C06B-A8B9-42A1-A94B-4B725C15C4EF}.Release|Any CPU.Build.0 = Release|Any CPU
		{1A8B3BEA-2573-4A93-AC0D-28119F2200C8}.Debug|Any CPU.ActiveCfg = Debug|Any CPU
		{1A8B3BEA-2573-4A93-AC0D-28119F2200C8}.Debug|Any CPU.Build.0 = Debug|Any CPU
		{1A8B3BEA-2573-4A93-AC0D-28119F2200C8}.Release|Any CPU.ActiveCfg = Release|Any CPU
		{1A8B3BEA-2573-4A93-AC0D-28119F2200C8}.Release|Any CPU.Build.0 = Release|Any CPU
		{4776E385-D0B9-4F83-842C-49F11F6E9745}.Debug|Any CPU.ActiveCfg = Debug|Any CPU
		{4776E385-D0B9-4F83-842C-49F11F6E9745}.Debug|Any CPU.Build.0 = Debug|Any CPU
		{4776E385-D0B9-4F83-842C-49F11F6E9745}.Release|Any CPU.ActiveCfg = Release|Any CPU
		{4776E385-D0B9-4F83-842C-49F11F6E9745}.Release|Any CPU.Build.0 = Release|Any CPU
		{B32D5C73-3C90-4896-9230-9C88BF32FA6B}.Debug|Any CPU.ActiveCfg = Debug|Any CPU
		{B32D5C73-3C90-4896-9230-9C88BF32FA6B}.Debug|Any CPU.Build.0 = Debug|Any CPU
		{B32D5C73-3C90-4896-9230-9C88BF32FA6B}.Release|Any CPU.ActiveCfg = Release|Any CPU
		{B32D5C73-3C90-4896-9230-9C88BF32FA6B}.Release|Any CPU.Build.0 = Release|Any CPU
	EndGlobalSection
EndGlobal
